
Microsoft Visual Studio Solution File, Format Version 11.00
# Visual Studio 2010
Project("{F184B08F-C81C-45F6-A57F-5ABD9991F28F}") = "WindowsApplication2", "WindowsApplication2\WindowsApplication2.vbproj", "{72542210-FE50-4433-A05A-A51D9F1CB347}"
EndProject
Global
	GlobalSection(SolutionConfigurationPlatforms) = preSolution
		Debug|x86 = Debug|x86
		Release|x86 = Release|x86
	EndGlobalSection
	GlobalSection(ProjectConfigurationPlatforms) = postSolution
		{72542210-FE50-4433-A05A-A51D9F1CB347}.Debug|x86.ActiveCfg = Debug|x86
		{72542210-FE50-4433-A05A-A51D9F1CB347}.Debug|x86.Build.0 = Debug|x86
		{72542210-FE50-4433-A05A-A51D9F1CB347}.Release|x86.ActiveCfg = Release|x86
		{72542210-FE50-4433-A05A-A51D9F1CB347}.Release|x86.Build.0 = Release|x86
	EndGlobalSection
	GlobalSection(SolutionProperties) = preSolution
		HideSolutionNode = FALSE
	EndGlobalSection
EndGlobal
