
Microsoft Visual Studio Solution File, Format Version 11.00
# Visual Studio 2010
Project("{F184B08F-C81C-45F6-A57F-5ABD9991F28F}") = "Menu_Builder", "Menu_Builder\Menu_Builder.vbproj", "{C3FCDEA7-F72E-44E8-9149-03458EBCF072}"
EndProject
Global
	GlobalSection(SolutionConfigurationPlatforms) = preSolution
		Debug|x86 = Debug|x86
		Release|x86 = Release|x86
	EndGlobalSection
	GlobalSection(ProjectConfigurationPlatforms) = postSolution
		{C3FCDEA7-F72E-44E8-9149-03458EBCF072}.Debug|x86.ActiveCfg = Debug|x86
		{C3FCDEA7-F72E-44E8-9149-03458EBCF072}.Debug|x86.Build.0 = Debug|x86
		{C3FCDEA7-F72E-44E8-9149-03458EBCF072}.Release|x86.ActiveCfg = Release|x86
		{C3FCDEA7-F72E-44E8-9149-03458EBCF072}.Release|x86.Build.0 = Release|x86
	EndGlobalSection
	GlobalSection(SolutionProperties) = preSolution
		HideSolutionNode = FALSE
	EndGlobalSection
EndGlobal
