
Microsoft Visual Studio Solution File, Format Version 11.00
# Visual Studio 2010
Project("{F184B08F-C81C-45F6-A57F-5ABD9991F28F}") = "ThemeX", "ThemeX\ThemeX.vbproj", "{E6380274-D004-4E76-90E1-65380843FBC3}"
EndProject
Project("{F184B08F-C81C-45F6-A57F-5ABD9991F28F}") = "Test", "Test\Test.vbproj", "{C48DCD26-00B8-4F66-AD58-CEF6F45CF33B}"
EndProject
Global
	GlobalSection(SolutionConfigurationPlatforms) = preSolution
		Debug|Any CPU = Debug|Any CPU
		Debug|Mixed Platforms = Debug|Mixed Platforms
		Debug|x86 = Debug|x86
		Release|Any CPU = Release|Any CPU
		Release|Mixed Platforms = Release|Mixed Platforms
		Release|x86 = Release|x86
	EndGlobalSection
	GlobalSection(ProjectConfigurationPlatforms) = postSolution
		{E6380274-D004-4E76-90E1-65380843FBC3}.Debug|Any CPU.ActiveCfg = Debug|Any CPU
		{E6380274-D004-4E76-90E1-65380843FBC3}.Debug|Any CPU.Build.0 = Debug|Any CPU
		{E6380274-D004-4E76-90E1-65380843FBC3}.Debug|Mixed Platforms.ActiveCfg = Debug|Any CPU
		{E6380274-D004-4E76-90E1-65380843FBC3}.Debug|Mixed Platforms.Build.0 = Debug|Any CPU
		{E6380274-D004-4E76-90E1-65380843FBC3}.Debug|x86.ActiveCfg = Debug|Any CPU
		{E6380274-D004-4E76-90E1-65380843FBC3}.Release|Any CPU.ActiveCfg = Release|Any CPU
		{E6380274-D004-4E76-90E1-65380843FBC3}.Release|Any CPU.Build.0 = Release|Any CPU
		{E6380274-D004-4E76-90E1-65380843FBC3}.Release|Mixed Platforms.ActiveCfg = Release|Any CPU
		{E6380274-D004-4E76-90E1-65380843FBC3}.Release|Mixed Platforms.Build.0 = Release|Any CPU
		{E6380274-D004-4E76-90E1-65380843FBC3}.Release|x86.ActiveCfg = Release|Any CPU
		{C48DCD26-00B8-4F66-AD58-CEF6F45CF33B}.Debug|Any CPU.ActiveCfg = Debug|x86
		{C48DCD26-00B8-4F66-AD58-CEF6F45CF33B}.Debug|Mixed Platforms.ActiveCfg = Debug|x86
		{C48DCD26-00B8-4F66-AD58-CEF6F45CF33B}.Debug|Mixed Platforms.Build.0 = Debug|x86
		{C48DCD26-00B8-4F66-AD58-CEF6F45CF33B}.Debug|x86.ActiveCfg = Debug|x86
		{C48DCD26-00B8-4F66-AD58-CEF6F45CF33B}.Debug|x86.Build.0 = Debug|x86
		{C48DCD26-00B8-4F66-AD58-CEF6F45CF33B}.Release|Any CPU.ActiveCfg = Release|x86
		{C48DCD26-00B8-4F66-AD58-CEF6F45CF33B}.Release|Mixed Platforms.ActiveCfg = Release|x86
		{C48DCD26-00B8-4F66-AD58-CEF6F45CF33B}.Release|Mixed Platforms.Build.0 = Release|x86
		{C48DCD26-00B8-4F66-AD58-CEF6F45CF33B}.Release|x86.ActiveCfg = Release|x86
		{C48DCD26-00B8-4F66-AD58-CEF6F45CF33B}.Release|x86.Build.0 = Release|x86
	EndGlobalSection
	GlobalSection(SolutionProperties) = preSolution
		HideSolutionNode = FALSE
	EndGlobalSection
EndGlobal
